github.com/gosuri/uilive v0.0.4 h1:hUEBpQDj8D8jXgtCdBu7sWsy5sbW/5GhuO8KBwJ2jyY=
github.com/gosuri/uilive v0.0.4/go.mod h1:V/epo5LjjlDE5RJUcqx8dbw+zc93y5Ya3yg8tfZ74VI=
github.com/mattn/go-isatty v0.0.14 h1:yVuAays6BHfxijgZPzw+3Zlu5yQgKGP2/hcQbHb7S9Y=
github.com/mattn/go-isatty v0.0.14/go.mod h1:7GGIvUiUoEMVVmxf/4nioHXj79iQHKdU27kJ6hsGG94=
github.com/pkg/errors v0.9.1 h1:FEBLx1zS214owpjy7qsBeixbURkuhQAwrK5UwLGTwt4=
github.com/pkg/errors v0.9.1/go.mod h1:bwawxfHBFNV+L2hUp1rHADufV3IMtnDRdf1r5NINEl0=
github.com/unixpickle/cbyge v0.0.0-20211109221948-459be53a48ca h1:tOtP696UWTWqqpNGpgYyJiEx+cW/kAS8+JwYLuT48Z8=
github.com/unixpickle/cbyge v0.0.0-20211109221948-459be53a48ca/go.mod h1:Bg/nQtYPZwUhxG7lTzIWihoYN96nFqNUOy5wlMgUyOA=
github.com/unixpickle/essentials v1.3.0 h1:H258Z5Uo1pVzFjxD2rwFWzHPN3s0J0jLs5kuxTRSfCs=
github.com/unixpickle/essentials v1.3.0/go.mod h1:dQ1idvqrgrDgub3mfckQm7osVPzT3u9rB6NK/LEhmtQ=
golang.org/x/sys v0.0.0-20210630005230-0f9fa26af87c/go.mod h1:oPkhp1MJrh7nUepCBck5+mAzfO9JrbApNNgaTdGDITg=
golang.org/x/sys v0.0.0-20220731174439-a90be440212d h1:Sv5ogFZatcgIMMtBSTTAgMYsicp25MXBubjXNDKwm80=
golang.org/x/sys v0.0.0-20220731174439-a90be440212d/go.mod h1:oPkhp1MJrh7nUepCBck5+mAzfO9JrbApNNgaTdGDITg=
